// !$*UTF8*$!
{
	archiveVersion = 1;
	classes = {
	};
	objectVersion = 50;
	objects = {

/* Begin PBXBuildFile section */
		841F52162166539900BC1720 /* API.m in Sources */ = {isa = PBXBuildFile; fileRef = 841F52152166539800BC1720 /* API.m */; };
		84D95A742166505E0091A247 /* AppDelegate.m in Sources */ = {isa = PBXBuildFile; fileRef = 84D95A732166505E0091A247 /* AppDelegate.m */; };
		84D95A7A2166505E0091A247 /* Main.storyboard in Resources */ = {isa = PBXBuildFile; fileRef = 84D95A782166505E0091A247 /* Main.storyboard */; };
		84D95A7C216650600091A247 /* Assets.xcassets in Resources */ = {isa = PBXBuildFile; fileRef = 84D95A7B216650600091A247 /* Assets.xcassets */; };
		84D95A7F216650600091A247 /* LaunchScreen.storyboard in Resources */ = {isa = PBXBuildFile; fileRef = 84D95A7D216650600091A247 /* LaunchScreen.storyboard */; };
		84D95A82216650600091A247 /* main.m in Sources */ = {isa = PBXBuildFile; fileRef = 84D95A81216650600091A247 /* main.m */; };
		84D95A8A216650B90091A247 /* LoginViewController.m in Sources */ = {isa = PBXBuildFile; fileRef = 84D95A89216650B90091A247 /* LoginViewController.m */; };
		84D95A8D216650E70091A247 /* MoviewListViewController.m in Sources */ = {isa = PBXBuildFile; fileRef = 84D95A8C216650E70091A247 /* MoviewListViewController.m */; };
		84D95AB5216652B70091A247 /* ItemTableViewCell.m in Sources */ = {isa = PBXBuildFile; fileRef = 84D95A8E216652B60091A247 /* ItemTableViewCell.m */; };
		84D95AB6216652B70091A247 /* LoadingView.m in Sources */ = {isa = PBXBuildFile; fileRef = 84D95A91216652B60091A247 /* LoadingView.m */; };
		84D95AB7216652B70091A247 /* MKAnnotationView+WebCache.m in Sources */ = {isa = PBXBuildFile; fileRef = 84D95A94216652B70091A247 /* MKAnnotationView+WebCache.m */; };
		84D95AB8216652B70091A247 /* NSData+ImageContentType.m in Sources */ = {isa = PBXBuildFile; fileRef = 84D95A96216652B70091A247 /* NSData+ImageContentType.m */; };
		84D95AB9216652B70091A247 /* SDImageCache.m in Sources */ = {isa = PBXBuildFile; fileRef = 84D95A98216652B70091A247 /* SDImageCache.m */; };
		84D95ABA216652B70091A247 /* SDWebImageCompat.m in Sources */ = {isa = PBXBuildFile; fileRef = 84D95A9A216652B70091A247 /* SDWebImageCompat.m */; };
		84D95ABB216652B70091A247 /* SDWebImageDecoder.m in Sources */ = {isa = PBXBuildFile; fileRef = 84D95A9C216652B70091A247 /* SDWebImageDecoder.m */; };
		84D95ABC216652B70091A247 /* SDWebImageDownloader.m in Sources */ = {isa = PBXBuildFile; fileRef = 84D95A9E216652B70091A247 /* SDWebImageDownloader.m */; };
		84D95ABD216652B70091A247 /* SDWebImageDownloaderOperation.m in Sources */ = {isa = PBXBuildFile; fileRef = 84D95AA0216652B70091A247 /* SDWebImageDownloaderOperation.m */; };
		84D95ABE216652B70091A247 /* SDWebImageManager.m in Sources */ = {isa = PBXBuildFile; fileRef = 84D95AA2216652B70091A247 /* SDWebImageManager.m */; };
		84D95ABF216652B70091A247 /* SDWebImagePrefetcher.m in Sources */ = {isa = PBXBuildFile; fileRef = 84D95AA5216652B70091A247 /* SDWebImagePrefetcher.m */; };
		84D95AC0216652B70091A247 /* UIButton+WebCache.m in Sources */ = {isa = PBXBuildFile; fileRef = 84D95AA7216652B70091A247 /* UIButton+WebCache.m */; };
		84D95AC1216652B70091A247 /* UIImage+GIF.m in Sources */ = {isa = PBXBuildFile; fileRef = 84D95AA9216652B70091A247 /* UIImage+GIF.m */; };
		84D95AC2216652B70091A247 /* UIImage+MultiFormat.m in Sources */ = {isa = PBXBuildFile; fileRef = 84D95AAB216652B70091A247 /* UIImage+MultiFormat.m */; };
		84D95AC3216652B70091A247 /* UIImage+WebP.m in Sources */ = {isa = PBXBuildFile; fileRef = 84D95AAD216652B70091A247 /* UIImage+WebP.m */; };
		84D95AC4216652B70091A247 /* UIImageView+HighlightedWebCache.m in Sources */ = {isa = PBXBuildFile; fileRef = 84D95AAF216652B70091A247 /* UIImageView+HighlightedWebCache.m */; };
		84D95AC5216652B70091A247 /* UIImageView+WebCache.m in Sources */ = {isa = PBXBuildFile; fileRef = 84D95AB1216652B70091A247 /* UIImageView+WebCache.m */; };
		84D95AC6216652B70091A247 /* UIView+WebCacheOperation.m in Sources */ = {isa = PBXBuildFile; fileRef = 84D95AB3216652B70091A247 /* UIView+WebCacheOperation.m */; };
/* End PBXBuildFile section */

/* Begin PBXFileReference section */
		841F52142166539800BC1720 /* API.h */ = {isa = PBXFileReference; fileEncoding = 4; lastKnownFileType = sourcecode.c.h; path = API.h; sourceTree = "<group>"; };
		841F52152166539800BC1720 /* API.m */ = {isa = PBXFileReference; fileEncoding = 4; lastKnownFileType = sourcecode.c.objc; path = API.m; sourceTree = "<group>"; };
		84D95A6F2166505E0091A247 /* API Movie.app */ = {isa = PBXFileReference; explicitFileType = wrapper.application; includeInIndex = 0; path = "API Movie.app"; sourceTree = BUILT_PRODUCTS_DIR; };
		84D95A722166505E0091A247 /* AppDelegate.h */ = {isa = PBXFileReference; lastKnownFileType = sourcecode.c.h; path = AppDelegate.h; sourceTree = "<group>"; };
		84D95A732166505E0091A247 /* AppDelegate.m */ = {isa = PBXFileReference; lastKnownFileType = sourcecode.c.objc; path = AppDelegate.m; sourceTree = "<group>"; };
		84D95A792166505E0091A247 /* Base */ = {isa = PBXFileReference; lastKnownFileType = file.storyboard; name = Base; path = Base.lproj/Main.storyboard; sourceTree = "<group>"; };
		84D95A7B216650600091A247 /* Assets.xcassets */ = {isa = PBXFileReference; lastKnownFileType = folder.assetcatalog; path = Assets.xcassets; sourceTree = "<group>"; };
		84D95A7E216650600091A247 /* Base */ = {isa = PBXFileReference; lastKnownFileType = file.storyboard; name = Base; path = Base.lproj/LaunchScreen.storyboard; sourceTree = "<group>"; };
		84D95A80216650600091A247 /* Info.plist */ = {isa = PBXFileReference; lastKnownFileType = text.plist.xml; path = Info.plist; sourceTree = "<group>"; };
		84D95A81216650600091A247 /* main.m */ = {isa = PBXFileReference; lastKnownFileType = sourcecode.c.objc; path = main.m; sourceTree = "<group>"; };
		84D95A88216650B90091A247 /* LoginViewController.h */ = {isa = PBXFileReference; lastKnownFileType = sourcecode.c.h; path = LoginViewController.h; sourceTree = "<group>"; };
		84D95A89216650B90091A247 /* LoginViewController.m */ = {isa = PBXFileReference; lastKnownFileType = sourcecode.c.objc; path = LoginViewController.m; sourceTree = "<group>"; };
		84D95A8B216650E70091A247 /* MoviewListViewController.h */ = {isa = PBXFileReference; lastKnownFileType = sourcecode.c.h; path = MoviewListViewController.h; sourceTree = "<group>"; };
		84D95A8C216650E70091A247 /* MoviewListViewController.m */ = {isa = PBXFileReference; lastKnownFileType = sourcecode.c.objc; path = MoviewListViewController.m; sourceTree = "<group>"; };
		84D95A8E216652B60091A247 /* ItemTableViewCell.m */ = {isa = PBXFileReference; fileEncoding = 4; lastKnownFileType = sourcecode.c.objc; path = ItemTableViewCell.m; sourceTree = "<group>"; };
		84D95A90216652B60091A247 /* LoadingView.h */ = {isa = PBXFileReference; fileEncoding = 4; lastKnownFileType = sourcecode.c.h; path = LoadingView.h; sourceTree = "<group>"; };
		84D95A91216652B60091A247 /* LoadingView.m */ = {isa = PBXFileReference; fileEncoding = 4; lastKnownFileType = sourcecode.c.objc; path = LoadingView.m; sourceTree = "<group>"; };
		84D95A93216652B70091A247 /* MKAnnotationView+WebCache.h */ = {isa = PBXFileReference; fileEncoding = 4; lastKnownFileType = sourcecode.c.h; path = "MKAnnotationView+WebCache.h"; sourceTree = "<group>"; };
		84D95A94216652B70091A247 /* MKAnnotationView+WebCache.m */ = {isa = PBXFileReference; fileEncoding = 4; lastKnownFileType = sourcecode.c.objc; path = "MKAnnotationView+WebCache.m"; sourceTree = "<group>"; };
		84D95A95216652B70091A247 /* NSData+ImageContentType.h */ = {isa = PBXFileReference; fileEncoding = 4; lastKnownFileType = sourcecode.c.h; path = "NSData+ImageContentType.h"; sourceTree = "<group>"; };
		84D95A96216652B70091A247 /* NSData+ImageContentType.m */ = {isa = PBXFileReference; fileEncoding = 4; lastKnownFileType = sourcecode.c.objc; path = "NSData+ImageContentType.m"; sourceTree = "<group>"; };
		84D95A97216652B70091A247 /* SDImageCache.h */ = {isa = PBXFileReference; fileEncoding = 4; lastKnownFileType = sourcecode.c.h; path = SDImageCache.h; sourceTree = "<group>"; };
		84D95A98216652B70091A247 /* SDImageCache.m */ = {isa = PBXFileReference; fileEncoding = 4; lastKnownFileType = sourcecode.c.objc; path = SDImageCache.m; sourceTree = "<group>"; };
		84D95A99216652B70091A247 /* SDWebImageCompat.h */ = {isa = PBXFileReference; fileEncoding = 4; lastKnownFileType = sourcecode.c.h; path = SDWebImageCompat.h; sourceTree = "<group>"; };
		84D95A9A216652B70091A247 /* SDWebImageCompat.m */ = {isa = PBXFileReference; fileEncoding = 4; lastKnownFileType = sourcecode.c.objc; path = SDWebImageCompat.m; sourceTree = "<group>"; };
		84D95A9B216652B70091A247 /* SDWebImageDecoder.h */ = {isa = PBXFileReference; fileEncoding = 4; lastKnownFileType = sourcecode.c.h; path = SDWebImageDecoder.h; sourceTree = "<group>"; };
		84D95A9C216652B70091A247 /* SDWebImageDecoder.m */ = {isa = PBXFileReference; fileEncoding = 4; lastKnownFileType = sourcecode.c.objc; path = SDWebImageDecoder.m; sourceTree = "<group>"; };
		84D95A9D216652B70091A247 /* SDWebImageDownloader.h */ = {isa = PBXFileReference; fileEncoding = 4; lastKnownFileType = sourcecode.c.h; path = SDWebImageDownloader.h; sourceTree = "<group>"; };
		84D95A9E216652B70091A247 /* SDWebImageDownloader.m */ = {isa = PBXFileReference; fileEncoding = 4; lastKnownFileType = sourcecode.c.objc; path = SDWebImageDownloader.m; sourceTree = "<group>"; };
		84D95A9F216652B70091A247 /* SDWebImageDownloaderOperation.h */ = {isa = PBXFileReference; fileEncoding = 4; lastKnownFileType = sourcecode.c.h; path = SDWebImageDownloaderOperation.h; sourceTree = "<group>"; };
		84D95AA0216652B70091A247 /* SDWebImageDownloaderOperation.m */ = {isa = PBXFileReference; fileEncoding = 4; lastKnownFileType = sourcecode.c.objc; path = SDWebImageDownloaderOperation.m; sourceTree = "<group>"; };
		84D95AA1216652B70091A247 /* SDWebImageManager.h */ = {isa = PBXFileReference; fileEncoding = 4; lastKnownFileType = sourcecode.c.h; path = SDWebImageManager.h; sourceTree = "<group>"; };
		84D95AA2216652B70091A247 /* SDWebImageManager.m */ = {isa = PBXFileReference; fileEncoding = 4; lastKnownFileType = sourcecode.c.objc; path = SDWebImageManager.m; sourceTree = "<group>"; };
		84D95AA3216652B70091A247 /* SDWebImageOperation.h */ = {isa = PBXFileReference; fileEncoding = 4; lastKnownFileType = sourcecode.c.h; path = SDWebImageOperation.h; sourceTree = "<group>"; };
		84D95AA4216652B70091A247 /* SDWebImagePrefetcher.h */ = {isa = PBXFileReference; fileEncoding = 4; lastKnownFileType = sourcecode.c.h; path = SDWebImagePrefetcher.h; sourceTree = "<group>"; };
		84D95AA5216652B70091A247 /* SDWebImagePrefetcher.m */ = {isa = PBXFileReference; fileEncoding = 4; lastKnownFileType = sourcecode.c.objc; path = SDWebImagePrefetcher.m; sourceTree = "<group>"; };
		84D95AA6216652B70091A247 /* UIButton+WebCache.h */ = {isa = PBXFileReference; fileEncoding = 4; lastKnownFileType = sourcecode.c.h; path = "UIButton+WebCache.h"; sourceTree = "<group>"; };
		84D95AA7216652B70091A247 /* UIButton+WebCache.m */ = {isa = PBXFileReference; fileEncoding = 4; lastKnownFileType = sourcecode.c.objc; path = "UIButton+WebCache.m"; sourceTree = "<group>"; };
		84D95AA8216652B70091A247 /* UIImage+GIF.h */ = {isa = PBXFileReference; fileEncoding = 4; lastKnownFileType = sourcecode.c.h; path = "UIImage+GIF.h"; sourceTree = "<group>"; };
		84D95AA9216652B70091A247 /* UIImage+GIF.m */ = {isa = PBXFileReference; fileEncoding = 4; lastKnownFileType = sourcecode.c.objc; path = "UIImage+GIF.m"; sourceTree = "<group>"; };
		84D95AAA216652B70091A247 /* UIImage+MultiFormat.h */ = {isa = PBXFileReference; fileEncoding = 4; lastKnownFileType = sourcecode.c.h; path = "UIImage+MultiFormat.h"; sourceTree = "<group>"; };
		84D95AAB216652B70091A247 /* UIImage+MultiFormat.m */ = {isa = PBXFileReference; fileEncoding = 4; lastKnownFileType = sourcecode.c.objc; path = "UIImage+MultiFormat.m"; sourceTree = "<group>"; };
		84D95AAC216652B70091A247 /* UIImage+WebP.h */ = {isa = PBXFileReference; fileEncoding = 4; lastKnownFileType = sourcecode.c.h; path = "UIImage+WebP.h"; sourceTree = "<group>"; };
		84D95AAD216652B70091A247 /* UIImage+WebP.m */ = {isa = PBXFileReference; fileEncoding = 4; lastKnownFileType = sourcecode.c.objc; path = "UIImage+WebP.m"; sourceTree = "<group>"; };
		84D95AAE216652B70091A247 /* UIImageView+HighlightedWebCache.h */ = {isa = PBXFileReference; fileEncoding = 4; lastKnownFileType = sourcecode.c.h; path = "UIImageView+HighlightedWebCache.h"; sourceTree = "<group>"; };
		84D95AAF216652B70091A247 /* UIImageView+HighlightedWebCache.m */ = {isa = PBXFileReference; fileEncoding = 4; lastKnownFileType = sourcecode.c.objc; path = "UIImageView+HighlightedWebCache.m"; sourceTree = "<group>"; };
		84D95AB0216652B70091A247 /* UIImageView+WebCache.h */ = {isa = PBXFileReference; fileEncoding = 4; lastKnownFileType = sourcecode.c.h; path = "UIImageView+WebCache.h"; sourceTree = "<group>"; };
		84D95AB1216652B70091A247 /* UIImageView+WebCache.m */ = {isa = PBXFileReference; fileEncoding = 4; lastKnownFileType = sourcecode.c.objc; path = "UIImageView+WebCache.m"; sourceTree = "<group>"; };
		84D95AB2216652B70091A247 /* UIView+WebCacheOperation.h */ = {isa = PBXFileReference; fileEncoding = 4; lastKnownFileType = sourcecode.c.h; path = "UIView+WebCacheOperation.h"; sourceTree = "<group>"; };
		84D95AB3216652B70091A247 /* UIView+WebCacheOperation.m */ = {isa = PBXFileReference; fileEncoding = 4; lastKnownFileType = sourcecode.c.objc; path = "UIView+WebCacheOperation.m"; sourceTree = "<group>"; };
		84D95AB4216652B70091A247 /* ItemTableViewCell.h */ = {isa = PBXFileReference; fileEncoding = 4; lastKnownFileType = sourcecode.c.h; path = ItemTableViewCell.h; sourceTree = "<group>"; };
/* End PBXFileReference section */

/* Begin PBXFrameworksBuildPhase section */
		84D95A6C2166505E0091A247 /* Frameworks */ = {
			isa = PBXFrameworksBuildPhase;
			buildActionMask = 2147483647;
			files = (
			);
			runOnlyForDeploymentPostprocessing = 0;
		};
/* End PBXFrameworksBuildPhase section */

/* Begin PBXGroup section */
		841F52132166539800BC1720 /* API */ = {
			isa = PBXGroup;
			children = (
				841F52142166539800BC1720 /* API.h */,
				841F52152166539800BC1720 /* API.m */,
			);
			path = API;
			sourceTree = "<group>";
		};
		84D95A662166505E0091A247 = {
			isa = PBXGroup;
			children = (
				84D95A712166505E0091A247 /* API Movie */,
				84D95A702166505E0091A247 /* Products */,
			);
			sourceTree = "<group>";
		};
		84D95A702166505E0091A247 /* Products */ = {
			isa = PBXGroup;
			children = (
				84D95A6F2166505E0091A247 /* API Movie.app */,
			);
			name = Products;
			sourceTree = "<group>";
		};
		84D95A712166505E0091A247 /* API Movie */ = {
			isa = PBXGroup;
			children = (
				841F52132166539800BC1720 /* API */,
				84D95A8F216652B60091A247 /* Loader */,
				84D95A92216652B70091A247 /* SDWebImage */,
				84D95A722166505E0091A247 /* AppDelegate.h */,
				84D95A732166505E0091A247 /* AppDelegate.m */,
				84D95A88216650B90091A247 /* LoginViewController.h */,
				84D95A89216650B90091A247 /* LoginViewController.m */,
				84D95A8B216650E70091A247 /* MoviewListViewController.h */,
				84D95A8C216650E70091A247 /* MoviewListViewController.m */,
				84D95AB4216652B70091A247 /* ItemTableViewCell.h */,
				84D95A8E216652B60091A247 /* ItemTableViewCell.m */,
				84D95A782166505E0091A247 /* Main.storyboard */,
				84D95A7B216650600091A247 /* Assets.xcassets */,
				84D95A7D216650600091A247 /* LaunchScreen.storyboard */,
				84D95A80216650600091A247 /* Info.plist */,
				84D95A81216650600091A247 /* main.m */,
			);
			path = "API Movie";
			sourceTree = "<group>";
		};
		84D95A8F216652B60091A247 /* Loader */ = {
			isa = PBXGroup;
			children = (
				84D95A90216652B60091A247 /* LoadingView.h */,
				84D95A91216652B60091A247 /* LoadingView.m */,
			);
			path = Loader;
			sourceTree = "<group>";
		};
		84D95A92216652B70091A247 /* SDWebImage */ = {
			isa = PBXGroup;
			children = (
				84D95A93216652B70091A247 /* MKAnnotationView+WebCache.h */,
				84D95A94216652B70091A247 /* MKAnnotationView+WebCache.m */,
				84D95A95216652B70091A247 /* NSData+ImageContentType.h */,
				84D95A96216652B70091A247 /* NSData+ImageContentType.m */,
				84D95A97216652B70091A247 /* SDImageCache.h */,
				84D95A98216652B70091A247 /* SDImageCache.m */,
				84D95A99216652B70091A247 /* SDWebImageCompat.h */,
				84D95A9A216652B70091A247 /* SDWebImageCompat.m */,
				84D95A9B216652B70091A247 /* SDWebImageDecoder.h */,
				84D95A9C216652B70091A247 /* SDWebImageDecoder.m */,
				84D95A9D216652B70091A247 /* SDWebImageDownloader.h */,
				84D95A9E216652B70091A247 /* SDWebImageDownloader.m */,
				84D95A9F216652B70091A247 /* SDWebImageDownloaderOperation.h */,
				84D95AA0216652B70091A247 /* SDWebImageDownloaderOperation.m */,
				84D95AA1216652B70091A247 /* SDWebImageManager.h */,
				84D95AA2216652B70091A247 /* SDWebImageManager.m */,
				84D95AA3216652B70091A247 /* SDWebImageOperation.h */,
				84D95AA4216652B70091A247 /* SDWebImagePrefetcher.h */,
				84D95AA5216652B70091A247 /* SDWebImagePrefetcher.m */,
				84D95AA6216652B70091A247 /* UIButton+WebCache.h */,
				84D95AA7216652B70091A247 /* UIButton+WebCache.m */,
				84D95AA8216652B70091A247 /* UIImage+GIF.h */,
				84D95AA9216652B70091A247 /* UIImage+GIF.m */,
				84D95AAA216652B70091A247 /* UIImage+MultiFormat.h */,
				84D95AAB216652B70091A247 /* UIImage+MultiFormat.m */,
				84D95AAC216652B70091A247 /* UIImage+WebP.h */,
				84D95AAD216652B70091A247 /* UIImage+WebP.m */,
				84D95AAE216652B70091A247 /* UIImageView+HighlightedWebCache.h */,
				84D95AAF216652B70091A247 /* UIImageView+HighlightedWebCache.m */,
				84D95AB0216652B70091A247 /* UIImageView+WebCache.h */,
				84D95AB1216652B70091A247 /* UIImageView+WebCache.m */,
				84D95AB2216652B70091A247 /* UIView+WebCacheOperation.h */,
				84D95AB3216652B70091A247 /* UIView+WebCacheOperation.m */,
			);
			path = SDWebImage;
			sourceTree = "<group>";
		};
/* End PBXGroup section */

/* Begin PBXNativeTarget section */
		84D95A6E2166505E0091A247 /* API Movie */ = {
			isa = PBXNativeTarget;
			buildConfigurationList = 84D95A85216650600091A247 /* Build configuration list for PBXNativeTarget "API Movie" */;
			buildPhases = (
				84D95A6B2166505E0091A247 /* Sources */,
				84D95A6C2166505E0091A247 /* Frameworks */,
				84D95A6D2166505E0091A247 /* Resources */,
			);
			buildRules = (
			);
			dependencies = (
			);
			name = "API Movie";
			productName = "API Movie";
			productReference = 84D95A6F2166505E0091A247 /* API Movie.app */;
			productType = "com.apple.product-type.application";
		};
/* End PBXNativeTarget section */

/* Begin PBXProject section */
		84D95A672166505E0091A247 /* Project object */ = {
			isa = PBXProject;
			attributes = {
				LastUpgradeCheck = 1000;
				ORGANIZATIONNAME = Digicon;
				TargetAttributes = {
					84D95A6E2166505E0091A247 = {
						CreatedOnToolsVersion = 10.0;
					};
				};
			};
			buildConfigurationList = 84D95A6A2166505E0091A247 /* Build configuration list for PBXProject "API Movie" */;
			compatibilityVersion = "Xcode 9.3";
			developmentRegion = en;
			hasScannedForEncodings = 0;
			knownRegions = (
				en,
				Base,
			);
			mainGroup = 84D95A662166505E0091A247;
			productRefGroup = 84D95A702166505E0091A247 /* Products */;
			projectDirPath = "";
			projectRoot = "";
			targets = (
				84D95A6E2166505E0091A247 /* API Movie */,
			);
		};
/* End PBXProject section */

/* Begin PBXResourcesBuildPhase section */
		84D95A6D2166505E0091A247 /* Resources */ = {
			isa = PBXResourcesBuildPhase;
			buildActionMask = 2147483647;
			files = (
				84D95A7F216650600091A247 /* LaunchScreen.storyboard in Resources */,
				84D95A7C216650600091A247 /* Assets.xcassets in Resources */,
				84D95A7A2166505E0091A247 /* Main.storyboard in Resources */,
			);
			runOnlyForDeploymentPostprocessing = 0;
		};
/* End PBXResourcesBuildPhase section */

/* Begin PBXSourcesBuildPhase section */
		84D95A6B2166505E0091A247 /* Sources */ = {
			isa = PBXSourcesBuildPhase;
			buildActionMask = 2147483647;
			files = (
				84D95A8A216650B90091A247 /* LoginViewController.m in Sources */,
				84D95ABE216652B70091A247 /* SDWebImageManager.m in Sources */,
				84D95AB9216652B70091A247 /* SDImageCache.m in Sources */,
				84D95ABD216652B70091A247 /* SDWebImageDownloaderOperation.m in Sources */,
				84D95AC6216652B70091A247 /* UIView+WebCacheOperation.m in Sources */,
				84D95AB6216652B70091A247 /* LoadingView.m in Sources */,
				84D95AC0216652B70091A247 /* UIButton+WebCache.m in Sources */,
				84D95AB8216652B70091A247 /* NSData+ImageContentType.m in Sources */,
				84D95ABF216652B70091A247 /* SDWebImagePrefetcher.m in Sources */,
				84D95ABC216652B70091A247 /* SDWebImageDownloader.m in Sources */,
				84D95A8D216650E70091A247 /* MoviewListViewController.m in Sources */,
				84D95AC3216652B70091A247 /* UIImage+WebP.m in Sources */,
				84D95AC5216652B70091A247 /* UIImageView+WebCache.m in Sources */,
				84D95ABB216652B70091A247 /* SDWebImageDecoder.m in Sources */,
				84D95AB5216652B70091A247 /* ItemTableViewCell.m in Sources */,
				84D95AB7216652B70091A247 /* MKAnnotationView+WebCache.m in Sources */,
				84D95ABA216652B70091A247 /* SDWebImageCompat.m in Sources */,
				84D95A82216650600091A247 /* main.m in Sources */,
				84D95A742166505E0091A247 /* AppDelegate.m in Sources */,
				841F52162166539900BC1720 /* API.m in Sources */,
				84D95AC2216652B70091A247 /* UIImage+MultiFormat.m in Sources */,
				84D95AC4216652B70091A247 /* UIImageView+HighlightedWebCache.m in Sources */,
				84D95AC1216652B70091A247 /* UIImage+GIF.m in Sources */,
			);
			runOnlyForDeploymentPostprocessing = 0;
		};
/* End PBXSourcesBuildPhase section */

/* Begin PBXVariantGroup section */
		84D95A782166505E0091A247 /* Main.storyboard */ = {
			isa = PBXVariantGroup;
			children = (
				84D95A792166505E0091A247 /* Base */,
			);
			name = Main.storyboard;
			sourceTree = "<group>";
		};
		84D95A7D216650600091A247 /* LaunchScreen.storyboard */ = {
			isa = PBXVariantGroup;
			children = (
				84D95A7E216650600091A247 /* Base */,
			);
			name = LaunchScreen.storyboard;
			sourceTree = "<group>";
		};
/* End PBXVariantGroup section */

/* Begin XCBuildConfiguration section */
		84D95A83216650600091A247 /* Debug */ = {
			isa = XCBuildConfiguration;
			buildSettings = {
				ALWAYS_SEARCH_USER_PATHS = NO;
				CLANG_ANALYZER_NONNULL = YES;
				CLANG_ANALYZER_NUMBER_OBJECT_CONVERSION = YES_AGGRESSIVE;
				CLANG_CXX_LANGUAGE_STANDARD = "gnu++14";
				CLANG_CXX_LIBRARY = "libc++";
				CLANG_ENABLE_MODULES = YES;
				CLANG_ENABLE_OBJC_ARC = YES;
				CLANG_ENABLE_OBJC_WEAK = YES;
				CLANG_WARN_BLOCK_CAPTURE_AUTORELEASING = YES;
				CLANG_WARN_BOOL_CONVERSION = YES;
				CLANG_WARN_COMMA = YES;
				CLANG_WARN_CONSTANT_CONVERSION = YES;
				CLANG_WARN_DEPRECATED_OBJC_IMPLEMENTATIONS = YES;
				CLANG_WARN_DIRECT_OBJC_ISA_USAGE = YES_ERROR;
				CLANG_WARN_DOCUMENTATION_COMMENTS = YES;
				CLANG_WARN_EMPTY_BODY = YES;
				CLANG_WARN_ENUM_CONVERSION = YES;
				CLANG_WARN_INFINITE_RECURSION = YES;
				CLANG_WARN_INT_CONVERSION = YES;
				CLANG_WARN_NON_LITERAL_NULL_CONVERSION = YES;
				CLANG_WARN_OBJC_IMPLICIT_RETAIN_SELF = YES;
				CLANG_WARN_OBJC_LITERAL_CONVERSION = YES;
				CLANG_WARN_OBJC_ROOT_CLASS = YES_ERROR;
				CLANG_WARN_RANGE_LOOP_ANALYSIS = YES;
				CLANG_WARN_STRICT_PROTOTYPES = YES;
				CLANG_WARN_SUSPICIOUS_MOVE = YES;
				CLANG_WARN_UNGUARDED_AVAILABILITY = YES_AGGRESSIVE;
				CLANG_WARN_UNREACHABLE_CODE = YES;
				CLANG_WARN__DUPLICATE_METHOD_MATCH = YES;
				CODE_SIGN_IDENTITY = "iPhone Developer";
				COPY_PHASE_STRIP = NO;
				DEBUG_INFORMATION_FORMAT = dwarf;
				ENABLE_STRICT_OBJC_MSGSEND = YES;
				ENABLE_TESTABILITY = YES;
				GCC_C_LANGUAGE_STANDARD = gnu11;
				GCC_DYNAMIC_NO_PIC = NO;
				GCC_NO_COMMON_BLOCKS = YES;
				GCC_OPTIMIZATION_LEVEL = 0;
				GCC_PREPROCESSOR_DEFINITIONS = (
					"DEBUG=1",
					"$(inherited)",
				);
				GCC_WARN_64_TO_32_BIT_CONVERSION = YES;
				GCC_WARN_ABOUT_RETURN_TYPE = YES_ERROR;
				GCC_WARN_UNDECLARED_SELECTOR = YES;
				GCC_WARN_UNINITIALIZED_AUTOS = YES_AGGRESSIVE;
				GCC_WARN_UNUSED_FUNCTION = YES;
				GCC_WARN_UNUSED_VARIABLE = YES;
				IPHONEOS_DEPLOYMENT_TARGET = 12.0;
				MTL_ENABLE_DEBUG_INFO = INCLUDE_SOURCE;
				MTL_FAST_MATH = YES;
				ONLY_ACTIVE_ARCH = YES;
				SDKROOT = iphoneos;
			};
			name = Debug;
		};
		84D95A84216650600091A247 /* Release */ = {
			isa = XCBuildConfiguration;
			buildSettings = {
				ALWAYS_SEARCH_USER_PATHS = NO;
				CLANG_ANALYZER_NONNULL = YES;
				CLANG_ANALYZER_NUMBER_OBJECT_CONVERSION = YES_AGGRESSIVE;
				CLANG_CXX_LANGUAGE_STANDARD = "gnu++14";
				CLANG_CXX_LIBRARY = "libc++";
				CLANG_ENABLE_MODULES = YES;
				CLANG_ENABLE_OBJC_ARC = YES;
				CLANG_ENABLE_OBJC_WEAK = YES;
				CLANG_WARN_BLOCK_CAPTURE_AUTORELEASING = YES;
				CLANG_WARN_BOOL_CONVERSION = YES;
				CLANG_WARN_COMMA = YES;
				CLANG_WARN_CONSTANT_CONVERSION = YES;
				CLANG_WARN_DEPRECATED_OBJC_IMPLEMENTATIONS = YES;
				CLANG_WARN_DIRECT_OBJC_ISA_USAGE = YES_ERROR;
				CLANG_WARN_DOCUMENTATION_COMMENTS = YES;
				CLANG_WARN_EMPTY_BODY = YES;
				CLANG_WARN_ENUM_CONVERSION = YES;
				CLANG_WARN_INFINITE_RECURSION = YES;
				CLANG_WARN_INT_CONVERSION = YES;
				CLANG_WARN_NON_LITERAL_NULL_CONVERSION = YES;
				CLANG_WARN_OBJC_IMPLICIT_RETAIN_SELF = YES;
				CLANG_WARN_OBJC_LITERAL_CONVERSION = YES;
				CLANG_WARN_OBJC_ROOT_CLASS = YES_ERROR;
				CLANG_WARN_RANGE_LOOP_ANALYSIS = YES;
				CLANG_WARN_STRICT_PROTOTYPES = YES;
				CLANG_WARN_SUSPICIOUS_MOVE = YES;
				CLANG_WARN_UNGUARDED_AVAILABILITY = YES_AGGRESSIVE;
				CLANG_WARN_UNREACHABLE_CODE = YES;
				CLANG_WARN__DUPLICATE_METHOD_MATCH = YES;
				CODE_SIGN_IDENTITY = "iPhone Developer";
				COPY_PHASE_STRIP = NO;
				DEBUG_INFORMATION_FORMAT = "dwarf-with-dsym";
				ENABLE_NS_ASSERTIONS = NO;
				ENABLE_STRICT_OBJC_MSGSEND = YES;
				GCC_C_LANGUAGE_STANDARD = gnu11;
				GCC_NO_COMMON_BLOCKS = YES;
				GCC_WARN_64_TO_32_BIT_CONVERSION = YES;
				GCC_WARN_ABOUT_RETURN_TYPE = YES_ERROR;
				GCC_WARN_UNDECLARED_SELECTOR = YES;
				GCC_WARN_UNINITIALIZED_AUTOS = YES_AGGRESSIVE;
				GCC_WARN_UNUSED_FUNCTION = YES;
				GCC_WARN_UNUSED_VARIABLE = YES;
				IPHONEOS_DEPLOYMENT_TARGET = 12.0;
				MTL_ENABLE_DEBUG_INFO = NO;
				MTL_FAST_MATH = YES;
				SDKROOT = iphoneos;
				VALIDATE_PRODUCT = YES;
			};
			name = Release;
		};
		84D95A86216650600091A247 /* Debug */ = {
			isa = XCBuildConfiguration;
			buildSettings = {
				ASSETCATALOG_COMPILER_APPICON_NAME = AppIcon;
				CODE_SIGN_STYLE = Manual;
				DEVELOPMENT_TEAM = "";
				INFOPLIST_FILE = "API Movie/Info.plist";
				IPHONEOS_DEPLOYMENT_TARGET = 11.4;
				LD_RUNPATH_SEARCH_PATHS = (
					"$(inherited)",
					"@executable_path/Frameworks",
				);
				PRODUCT_BUNDLE_IDENTIFIER = "com.iZak.function.API-Movie";
				PRODUCT_NAME = "$(TARGET_NAME)";
				PROVISIONING_PROFILE_SPECIFIER = "";
				TARGETED_DEVICE_FAMILY = "1,2";
			};
			name = Debug;
		};
		84D95A87216650600091A247 /* Release */ = {
			isa = XCBuildConfiguration;
			buildSettings = {
				ASSETCATALOG_COMPILER_APPICON_NAME = AppIcon;
				CODE_SIGN_STYLE = Manual;
				DEVELOPMENT_TEAM = "";
				INFOPLIST_FILE = "API Movie/Info.plist";
				IPHONEOS_DEPLOYMENT_TARGET = 11.4;
				LD_RUNPATH_SEARCH_PATHS = (
					"$(inherited)",
					"@executable_path/Frameworks",
				);
				PRODUCT_BUNDLE_IDENTIFIER = "com.iZak.function.API-Movie";
				PRODUCT_NAME = "$(TARGET_NAME)";
				PROVISIONING_PROFILE_SPECIFIER = "";
				TARGETED_DEVICE_FAMILY = "1,2";
			};
			name = Release;
		};
/* End XCBuildConfiguration section */

/* Begin XCConfigurationList section */
		84D95A6A2166505E0091A247 /* Build configuration list for PBXProject "API Movie" */ = {
			isa = XCConfigurationList;
			buildConfigurations = (
				84D95A83216650600091A247 /* Debug */,
				84D95A84216650600091A247 /* Release */,
			);
			defaultConfigurationIsVisible = 0;
			defaultConfigurationName = Release;
		};
		84D95A85216650600091A247 /* Build configuration list for PBXNativeTarget "API Movie" */ = {
			isa = XCConfigurationList;
			buildConfigurations = (
				84D95A86216650600091A247 /* Debug */,
				84D95A87216650600091A247 /* Release */,
			);
			defaultConfigurationIsVisible = 0;
			defaultConfigurationName = Release;
		};
/* End XCConfigurationList section */
	};
	rootObject = 84D95A672166505E0091A247 /* Project object */;
}
